# This file is automatically @generated by Cargo.
# It is not intended for manual editing.
[[package]]
name = "hello"
version = "0.1.0"
source = "git+https://github.com/sammyne/rust-playground.git?rev=9c95d048a24e701050ed2d4ba27749c5e3a41dda#9c95d048a24e701050ed2d4ba27749c5e3a41dda"

[[package]]
name = "hello-world"
version = "0.1.0"
dependencies = [
 "hello 0.1.0 (git+https://github.com/sammyne/rust-playground.git?rev=9c95d048a24e701050ed2d4ba27749c5e3a41dda)",
 "world 0.1.0 (git+https://github.com/sammyne/rust-playground.git?rev=fa11159a322be383803e176ab08e283ded7cab24)",
]

[[package]]
name = "world"
version = "0.1.0"
source = "git+https://github.com/sammyne/rust-playground.git?rev=fa11159a322be383803e176ab08e283ded7cab24#fa11159a322be383803e176ab08e283ded7cab24"
dependencies = [
 "hello 0.1.0 (git+https://github.com/sammyne/rust-playground.git?rev=9c95d048a24e701050ed2d4ba27749c5e3a41dda)",
]

[[package]]
name = "world"
version = "0.1.0"
dependencies = [
 "hello 0.1.0 (git+https://github.com/sammyne/rust-playground.git?rev=9c95d048a24e701050ed2d4ba27749c5e3a41dda)",
]

[metadata]
"checksum hello 0.1.0 (git+https://github.com/sammyne/rust-playground.git?rev=9c95d048a24e701050ed2d4ba27749c5e3a41dda)" = "<none>"
"checksum world 0.1.0 (git+https://github.com/sammyne/rust-playground.git?rev=fa11159a322be383803e176ab08e283ded7cab24)" = "<none>"
