# This file is automatically @generated by Cargo.
# It is not intended for manual editing.
[[package]]
name = "config"
version = "0.1.0"
dependencies = [
 "encoding 0.1.0 (git+https://github.com/sammyne/encoding-rs)",
]

[[package]]
name = "encoding"
version = "0.1.0"
source = "git+https://github.com/sammyne/encoding-rs#97fe3bbabff29f276f130ce906077e7557819ff2"

[metadata]
"checksum encoding 0.1.0 (git+https://github.com/sammyne/encoding-rs)" = "<none>"
